
Microsoft Visual Studio Solution File, Format Version 12.00
# Visual Studio 15
VisualStudioVersion = 15.0.27130.2024
MinimumVisualStudioVersion = 10.0.40219.1
Project("{FAE04EC0-301F-11D3-BF4B-00C04F79EFBC}") = "GeneratorInserts", "GeneratorInserts.csproj", "{C25ACE21-1E6B-44F4-91B9-ABF5F10FDB8D}"
EndProject
Global
	GlobalSection(SolutionConfigurationPlatforms) = preSolution
		Debug|Any CPU = Debug|Any CPU
		Release|Any CPU = Release|Any CPU
	EndGlobalSection
	GlobalSection(ProjectConfigurationPlatforms) = postSolution
		{C25ACE21-1E6B-44F4-91B9-ABF5F10FDB8D}.Debug|Any CPU.ActiveCfg = Debug|Any CPU
		{C25ACE21-1E6B-44F4-91B9-ABF5F10FDB8D}.Debug|Any CPU.Build.0 = Debug|Any CPU
		{C25ACE21-1E6B-44F4-91B9-ABF5F10FDB8D}.Release|Any CPU.ActiveCfg = Release|Any CPU
		{C25ACE21-1E6B-44F4-91B9-ABF5F10FDB8D}.Release|Any CPU.Build.0 = Release|Any CPU
	EndGlobalSection
	GlobalSection(SolutionProperties) = preSolution
		HideSolutionNode = FALSE
	EndGlobalSection
	GlobalSection(ExtensibilityGlobals) = postSolution
		SolutionGuid = {7DF88AAD-6DEA-4A31-9CFF-B00DA189B421}
	EndGlobalSection
EndGlobal
